
Microsoft Visual Studio Solution File, Format Version 12.00
Project("{2150E333-8FDC-42A3-9474-1A3956D46DE8}") = "src", "src", "{B343A428-C477-45F2-9A3C-C541B07D13AD}"
EndProject
Project("{2150E333-8FDC-42A3-9474-1A3956D46DE8}") = "tests", "tests", "{1CAD83E7-5C9E-4A37-B8B0-604CCC97758C}"
EndProject
Project("{2150E333-8FDC-42A3-9474-1A3956D46DE8}") = "ui", "ui", "{B073CE15-0F7D-4533-BC4A-780669651ECF}"
EndProject
Project("{2150E333-8FDC-42A3-9474-1A3956D46DE8}") = "Bootstrapper", "Bootstrapper", "{B2721120-3931-4F62-90E1-6D87ECF5376C}"
EndProject
Project("{2150E333-8FDC-42A3-9474-1A3956D46DE8}") = "Modules", "Modules", "{3F8EB5E1-F5D6-4810-89D1-0CD28C2405EE}"
EndProject
Project("{2150E333-8FDC-42A3-9474-1A3956D46DE8}") = "Shared", "Shared", "{4AA68D0E-B0F5-4C5D-8FB1-45DA19C1CE97}"
EndProject
Project("{FAE04EC0-301F-11D3-BF4B-00C04F79EFBC}") = "Wisse.Bootstrapper", "src\Bootstrapper\Wisse.Bootstrapper\Wisse.Bootstrapper.csproj", "{6F66A916-1572-4A35-8D85-9EB7524F80EA}"
EndProject
Project("{FAE04EC0-301F-11D3-BF4B-00C04F79EFBC}") = "Wisse.Shared.Abstractions", "src\Shared\Wisse.Shared.Abstractions\Wisse.Shared.Abstractions.csproj", "{BF3BAAF1-684E-403F-B6DB-77D39D069131}"
EndProject
Project("{FAE04EC0-301F-11D3-BF4B-00C04F79EFBC}") = "Wisse.Shared.Infrastructure", "src\Shared\Wisse.Shared.Infrastructure\Wisse.Shared.Infrastructure.csproj", "{8F0D7553-7945-431F-B01C-92B325649A19}"
EndProject
Project("{2150E333-8FDC-42A3-9474-1A3956D46DE8}") = "Enrollments", "Enrollments", "{0B716F92-A424-4EFC-A999-3140243AA72E}"
EndProject
Project("{FAE04EC0-301F-11D3-BF4B-00C04F79EFBC}") = "Wisse.Modules.Enrollments.Api", "src\Modules\Enrollments\Wisse.Modules.Enrollments.Api\Wisse.Modules.Enrollments.Api.csproj", "{EF718F41-B81A-428F-A34D-6F176795CB36}"
EndProject
Project("{FAE04EC0-301F-11D3-BF4B-00C04F79EFBC}") = "Wisse.Modules.Enrollments.Application", "src\Modules\Enrollments\Wisse.Modules.Enrollments.Application\Wisse.Modules.Enrollments.Application.csproj", "{02369716-8BB8-4198-91A7-E7A81F9DF661}"
EndProject
Project("{FAE04EC0-301F-11D3-BF4B-00C04F79EFBC}") = "Wisse.Modules.Enrollments.Domain", "src\Modules\Enrollments\Wisse.Modules.Enrollments.Domain\Wisse.Modules.Enrollments.Domain.csproj", "{FACC27F3-E25B-418C-8093-0FDDE13F60D2}"
EndProject
Project("{FAE04EC0-301F-11D3-BF4B-00C04F79EFBC}") = "Wisse.Modules.Enrollments.Infrastructure", "src\Modules\Enrollments\Wisse.Modules.Enrollments.Infrastructure\Wisse.Modules.Enrollments.Infrastructure.csproj", "{4F8161A7-DBAB-4ABD-8BF9-2ECA6B61C56C}"
EndProject
Project("{2150E333-8FDC-42A3-9474-1A3956D46DE8}") = "Common", "Common", "{DA2EB566-9CF6-41E1-85A5-1FD721C56E96}"
EndProject
Project("{FAE04EC0-301F-11D3-BF4B-00C04F79EFBC}") = "Wisse.Common.Api", "src\Shared\Common\Wisse.Common.Api\Wisse.Common.Api.csproj", "{0E14CE3A-BFEB-4296-B228-EED5F18ADAF7}"
EndProject
Project("{FAE04EC0-301F-11D3-BF4B-00C04F79EFBC}") = "Wisse.Common", "src\Shared\Common\Wisse.Common\Wisse.Common.csproj", "{A3E5CFB8-283B-41F5-8699-AF9A5D1EB3A9}"
EndProject
Project("{FAE04EC0-301F-11D3-BF4B-00C04F79EFBC}") = "Wisse.Common.Domain", "src\Shared\Common\Wisse.Common.Domain\Wisse.Common.Domain.csproj", "{F9A5C05F-F579-4779-B98A-ECBEC779A0A9}"
EndProject
Global
	GlobalSection(SolutionConfigurationPlatforms) = preSolution
		Debug|Any CPU = Debug|Any CPU
		Release|Any CPU = Release|Any CPU
	EndGlobalSection
	GlobalSection(NestedProjects) = preSolution
		{B2721120-3931-4F62-90E1-6D87ECF5376C} = {B343A428-C477-45F2-9A3C-C541B07D13AD}
		{3F8EB5E1-F5D6-4810-89D1-0CD28C2405EE} = {B343A428-C477-45F2-9A3C-C541B07D13AD}
		{4AA68D0E-B0F5-4C5D-8FB1-45DA19C1CE97} = {B343A428-C477-45F2-9A3C-C541B07D13AD}
		{6F66A916-1572-4A35-8D85-9EB7524F80EA} = {B2721120-3931-4F62-90E1-6D87ECF5376C}
		{BF3BAAF1-684E-403F-B6DB-77D39D069131} = {4AA68D0E-B0F5-4C5D-8FB1-45DA19C1CE97}
		{8F0D7553-7945-431F-B01C-92B325649A19} = {4AA68D0E-B0F5-4C5D-8FB1-45DA19C1CE97}
		{0B716F92-A424-4EFC-A999-3140243AA72E} = {3F8EB5E1-F5D6-4810-89D1-0CD28C2405EE}
		{EF718F41-B81A-428F-A34D-6F176795CB36} = {0B716F92-A424-4EFC-A999-3140243AA72E}
		{02369716-8BB8-4198-91A7-E7A81F9DF661} = {0B716F92-A424-4EFC-A999-3140243AA72E}
		{FACC27F3-E25B-418C-8093-0FDDE13F60D2} = {0B716F92-A424-4EFC-A999-3140243AA72E}
		{4F8161A7-DBAB-4ABD-8BF9-2ECA6B61C56C} = {0B716F92-A424-4EFC-A999-3140243AA72E}
		{DA2EB566-9CF6-41E1-85A5-1FD721C56E96} = {4AA68D0E-B0F5-4C5D-8FB1-45DA19C1CE97}
		{0E14CE3A-BFEB-4296-B228-EED5F18ADAF7} = {DA2EB566-9CF6-41E1-85A5-1FD721C56E96}
		{A3E5CFB8-283B-41F5-8699-AF9A5D1EB3A9} = {DA2EB566-9CF6-41E1-85A5-1FD721C56E96}
		{F9A5C05F-F579-4779-B98A-ECBEC779A0A9} = {DA2EB566-9CF6-41E1-85A5-1FD721C56E96}
	EndGlobalSection
	GlobalSection(ProjectConfigurationPlatforms) = postSolution
		{6F66A916-1572-4A35-8D85-9EB7524F80EA}.Debug|Any CPU.ActiveCfg = Debug|Any CPU
		{6F66A916-1572-4A35-8D85-9EB7524F80EA}.Debug|Any CPU.Build.0 = Debug|Any CPU
		{6F66A916-1572-4A35-8D85-9EB7524F80EA}.Release|Any CPU.ActiveCfg = Release|Any CPU
		{6F66A916-1572-4A35-8D85-9EB7524F80EA}.Release|Any CPU.Build.0 = Release|Any CPU
		{BF3BAAF1-684E-403F-B6DB-77D39D069131}.Debug|Any CPU.ActiveCfg = Debug|Any CPU
		{BF3BAAF1-684E-403F-B6DB-77D39D069131}.Debug|Any CPU.Build.0 = Debug|Any CPU
		{BF3BAAF1-684E-403F-B6DB-77D39D069131}.Release|Any CPU.ActiveCfg = Release|Any CPU
		{BF3BAAF1-684E-403F-B6DB-77D39D069131}.Release|Any CPU.Build.0 = Release|Any CPU
		{8F0D7553-7945-431F-B01C-92B325649A19}.Debug|Any CPU.ActiveCfg = Debug|Any CPU
		{8F0D7553-7945-431F-B01C-92B325649A19}.Debug|Any CPU.Build.0 = Debug|Any CPU
		{8F0D7553-7945-431F-B01C-92B325649A19}.Release|Any CPU.ActiveCfg = Release|Any CPU
		{8F0D7553-7945-431F-B01C-92B325649A19}.Release|Any CPU.Build.0 = Release|Any CPU
		{EF718F41-B81A-428F-A34D-6F176795CB36}.Debug|Any CPU.ActiveCfg = Debug|Any CPU
		{EF718F41-B81A-428F-A34D-6F176795CB36}.Debug|Any CPU.Build.0 = Debug|Any CPU
		{EF718F41-B81A-428F-A34D-6F176795CB36}.Release|Any CPU.ActiveCfg = Release|Any CPU
		{EF718F41-B81A-428F-A34D-6F176795CB36}.Release|Any CPU.Build.0 = Release|Any CPU
		{02369716-8BB8-4198-91A7-E7A81F9DF661}.Debug|Any CPU.ActiveCfg = Debug|Any CPU
		{02369716-8BB8-4198-91A7-E7A81F9DF661}.Debug|Any CPU.Build.0 = Debug|Any CPU
		{02369716-8BB8-4198-91A7-E7A81F9DF661}.Release|Any CPU.ActiveCfg = Release|Any CPU
		{02369716-8BB8-4198-91A7-E7A81F9DF661}.Release|Any CPU.Build.0 = Release|Any CPU
		{FACC27F3-E25B-418C-8093-0FDDE13F60D2}.Debug|Any CPU.ActiveCfg = Debug|Any CPU
		{FACC27F3-E25B-418C-8093-0FDDE13F60D2}.Debug|Any CPU.Build.0 = Debug|Any CPU
		{FACC27F3-E25B-418C-8093-0FDDE13F60D2}.Release|Any CPU.ActiveCfg = Release|Any CPU
		{FACC27F3-E25B-418C-8093-0FDDE13F60D2}.Release|Any CPU.Build.0 = Release|Any CPU
		{4F8161A7-DBAB-4ABD-8BF9-2ECA6B61C56C}.Debug|Any CPU.ActiveCfg = Debug|Any CPU
		{4F8161A7-DBAB-4ABD-8BF9-2ECA6B61C56C}.Debug|Any CPU.Build.0 = Debug|Any CPU
		{4F8161A7-DBAB-4ABD-8BF9-2ECA6B61C56C}.Release|Any CPU.ActiveCfg = Release|Any CPU
		{4F8161A7-DBAB-4ABD-8BF9-2ECA6B61C56C}.Release|Any CPU.Build.0 = Release|Any CPU
		{0E14CE3A-BFEB-4296-B228-EED5F18ADAF7}.Debug|Any CPU.ActiveCfg = Debug|Any CPU
		{0E14CE3A-BFEB-4296-B228-EED5F18ADAF7}.Debug|Any CPU.Build.0 = Debug|Any CPU
		{0E14CE3A-BFEB-4296-B228-EED5F18ADAF7}.Release|Any CPU.ActiveCfg = Release|Any CPU
		{0E14CE3A-BFEB-4296-B228-EED5F18ADAF7}.Release|Any CPU.Build.0 = Release|Any CPU
		{A3E5CFB8-283B-41F5-8699-AF9A5D1EB3A9}.Debug|Any CPU.ActiveCfg = Debug|Any CPU
		{A3E5CFB8-283B-41F5-8699-AF9A5D1EB3A9}.Debug|Any CPU.Build.0 = Debug|Any CPU
		{A3E5CFB8-283B-41F5-8699-AF9A5D1EB3A9}.Release|Any CPU.ActiveCfg = Release|Any CPU
		{A3E5CFB8-283B-41F5-8699-AF9A5D1EB3A9}.Release|Any CPU.Build.0 = Release|Any CPU
		{F9A5C05F-F579-4779-B98A-ECBEC779A0A9}.Debug|Any CPU.ActiveCfg = Debug|Any CPU
		{F9A5C05F-F579-4779-B98A-ECBEC779A0A9}.Debug|Any CPU.Build.0 = Debug|Any CPU
		{F9A5C05F-F579-4779-B98A-ECBEC779A0A9}.Release|Any CPU.ActiveCfg = Release|Any CPU
		{F9A5C05F-F579-4779-B98A-ECBEC779A0A9}.Release|Any CPU.Build.0 = Release|Any CPU
	EndGlobalSection
EndGlobal
